
Microsoft Visual Studio Solution File, Format Version 12.00
# Visual Studio Version 17
VisualStudioVersion = 17.11.35222.181
MinimumVisualStudioVersion = 10.0.40219.1
Project("{FAE04EC0-301F-11D3-BF4B-00C04F79EFBC}") = "BatmanCV", "BatmanCV\BatmanCV.csproj", "{292DB776-36DC-4F7F-8384-FB3A897875F8}"
EndProject
Global
	GlobalSection(SolutionConfigurationPlatforms) = preSolution
		Debug|Any CPU = Debug|Any CPU
		Release|Any CPU = Release|Any CPU
	EndGlobalSection
	GlobalSection(ProjectConfigurationPlatforms) = postSolution
		{292DB776-36DC-4F7F-8384-FB3A897875F8}.Debug|Any CPU.ActiveCfg = Debug|Any CPU
		{292DB776-36DC-4F7F-8384-FB3A897875F8}.Debug|Any CPU.Build.0 = Debug|Any CPU
		{292DB776-36DC-4F7F-8384-FB3A897875F8}.Release|Any CPU.ActiveCfg = Release|Any CPU
		{292DB776-36DC-4F7F-8384-FB3A897875F8}.Release|Any CPU.Build.0 = Release|Any CPU
	EndGlobalSection
	GlobalSection(SolutionProperties) = preSolution
		HideSolutionNode = FALSE
	EndGlobalSection
	GlobalSection(ExtensibilityGlobals) = postSolution
		SolutionGuid = {AE1B7785-F5C3-49BD-AB4E-B517C1DA5348}
	EndGlobalSection
EndGlobal
